
Microsoft Visual Studio Solution File, Format Version 12.00
# Visual Studio Version 17
VisualStudioVersion = 17.0.31903.59
MinimumVisualStudioVersion = 10.0.40219.1
Project("{2150E333-8FDC-42A3-9474-1A3956D46DE8}") = "leetcode_c#", "leetcode_c#", "{FDAA35F5-20D7-4700-6A43-B2C1B7EF2D91}"
EndProject
Project("{FAE04EC0-301F-11D3-BF4B-00C04F79EFBC}") = "leetcode", "leetcode_c#\leetcode\leetcode.csproj", "{AE6CD946-D7AF-40F7-B1E4-B9A9D82A46DB}"
EndProject
Global
	GlobalSection(SolutionConfigurationPlatforms) = preSolution
		Debug|Any CPU = Debug|Any CPU
		Debug|x64 = Debug|x64
		Debug|x86 = Debug|x86
		Release|Any CPU = Release|Any CPU
		Release|x64 = Release|x64
		Release|x86 = Release|x86
	EndGlobalSection
	GlobalSection(ProjectConfigurationPlatforms) = postSolution
		{AE6CD946-D7AF-40F7-B1E4-B9A9D82A46DB}.Debug|Any CPU.ActiveCfg = Debug|Any CPU
		{AE6CD946-D7AF-40F7-B1E4-B9A9D82A46DB}.Debug|Any CPU.Build.0 = Debug|Any CPU
		{AE6CD946-D7AF-40F7-B1E4-B9A9D82A46DB}.Debug|x64.ActiveCfg = Debug|Any CPU
		{AE6CD946-D7AF-40F7-B1E4-B9A9D82A46DB}.Debug|x64.Build.0 = Debug|Any CPU
		{AE6CD946-D7AF-40F7-B1E4-B9A9D82A46DB}.Debug|x86.ActiveCfg = Debug|Any CPU
		{AE6CD946-D7AF-40F7-B1E4-B9A9D82A46DB}.Debug|x86.Build.0 = Debug|Any CPU
		{AE6CD946-D7AF-40F7-B1E4-B9A9D82A46DB}.Release|Any CPU.ActiveCfg = Release|Any CPU
		{AE6CD946-D7AF-40F7-B1E4-B9A9D82A46DB}.Release|Any CPU.Build.0 = Release|Any CPU
		{AE6CD946-D7AF-40F7-B1E4-B9A9D82A46DB}.Release|x64.ActiveCfg = Release|Any CPU
		{AE6CD946-D7AF-40F7-B1E4-B9A9D82A46DB}.Release|x64.Build.0 = Release|Any CPU
		{AE6CD946-D7AF-40F7-B1E4-B9A9D82A46DB}.Release|x86.ActiveCfg = Release|Any CPU
		{AE6CD946-D7AF-40F7-B1E4-B9A9D82A46DB}.Release|x86.Build.0 = Release|Any CPU
	EndGlobalSection
	GlobalSection(SolutionProperties) = preSolution
		HideSolutionNode = FALSE
	EndGlobalSection
	GlobalSection(NestedProjects) = preSolution
		{AE6CD946-D7AF-40F7-B1E4-B9A9D82A46DB} = {FDAA35F5-20D7-4700-6A43-B2C1B7EF2D91}
	EndGlobalSection
EndGlobal
